<Solution>
  <Folder Name="/src/">
    <Project Path="src/WorkoutLogger.API/WorkoutLogger.API.csproj" />
    <Project Path="src/WorkoutLogger.AppHost/WorkoutLogger.AppHost.csproj" />
    <Project Path="src/WorkoutLogger.ServiceDefaults/WorkoutLogger.ServiceDefaults.csproj" />
  </Folder>
</Solution>
